
Microsoft Visual Studio Solution File, Format Version 12.00
# Visual Studio Version 17
VisualStudioVersion = 17.6.33417.168
MinimumVisualStudioVersion = 10.0.40219.1
Project("{9A19103F-16F7-4668-BE54-9A1E7A4F7556}") = "TodoList.Api", "TodoList.Api\TodoList.Api.csproj", "{482EF0EB-E00D-463B-9936-002C8916104E}"
EndProject
Project("{9A19103F-16F7-4668-BE54-9A1E7A4F7556}") = "TodoList.Domain", "TodoList.Domain\TodoList.Domain.csproj", "{F8BDC02E-BA69-45AD-B526-B0B8EEF96563}"
EndProject
Project("{FAE04EC0-301F-11D3-BF4B-00C04F79EFBC}") = "TodoList.Application", "TodoList.Application\TodoList.Application.csproj", "{572BAE4A-53C0-4F86-8903-BC65F9AA645D}"
EndProject
Global
	GlobalSection(SolutionConfigurationPlatforms) = preSolution
		Debug|Any CPU = Debug|Any CPU
		Release|Any CPU = Release|Any CPU
	EndGlobalSection
	GlobalSection(ProjectConfigurationPlatforms) = postSolution
		{482EF0EB-E00D-463B-9936-002C8916104E}.Debug|Any CPU.ActiveCfg = Debug|Any CPU
		{482EF0EB-E00D-463B-9936-002C8916104E}.Debug|Any CPU.Build.0 = Debug|Any CPU
		{482EF0EB-E00D-463B-9936-002C8916104E}.Release|Any CPU.ActiveCfg = Release|Any CPU
		{482EF0EB-E00D-463B-9936-002C8916104E}.Release|Any CPU.Build.0 = Release|Any CPU
		{F8BDC02E-BA69-45AD-B526-B0B8EEF96563}.Debug|Any CPU.ActiveCfg = Debug|Any CPU
		{F8BDC02E-BA69-45AD-B526-B0B8EEF96563}.Debug|Any CPU.Build.0 = Debug|Any CPU
		{F8BDC02E-BA69-45AD-B526-B0B8EEF96563}.Release|Any CPU.ActiveCfg = Release|Any CPU
		{F8BDC02E-BA69-45AD-B526-B0B8EEF96563}.Release|Any CPU.Build.0 = Release|Any CPU
		{572BAE4A-53C0-4F86-8903-BC65F9AA645D}.Debug|Any CPU.ActiveCfg = Debug|Any CPU
		{572BAE4A-53C0-4F86-8903-BC65F9AA645D}.Debug|Any CPU.Build.0 = Debug|Any CPU
		{572BAE4A-53C0-4F86-8903-BC65F9AA645D}.Release|Any CPU.ActiveCfg = Release|Any CPU
		{572BAE4A-53C0-4F86-8903-BC65F9AA645D}.Release|Any CPU.Build.0 = Release|Any CPU
	EndGlobalSection
	GlobalSection(SolutionProperties) = preSolution
		HideSolutionNode = FALSE
	EndGlobalSection
	GlobalSection(ExtensibilityGlobals) = postSolution
		SolutionGuid = {70128267-9B66-404A-8982-23086C23ED4F}
	EndGlobalSection
EndGlobal
